Microsoft Visual Studio Solution File, Format Version 12.00
# Visual Studio Version 17
VisualStudioVersion = 17.0.31903.59
MinimumVisualStudioVersion = 10.0.40219.1
Project("{FAE04EC0-301F-11D3-BF4B-00C04F79EFBC}") = "Client", "src/Client/Client.csproj", "{A1C3B5E7-1111-4D11-9A4F-AAAABBBB0001}"
EndProject
Project("{FAE04EC0-301F-11D3-BF4B-00C04F79EFBC}") = "Server", "src/Server/Server.csproj", "{A1C3B5E7-2222-4D11-9A4F-AAAABBBB0002}"
EndProject
Project("{FAE04EC0-301F-11D3-BF4B-00C04F79EFBC}") = "Shared", "src/Shared/Shared.csproj", "{A1C3B5E7-3333-4D11-9A4F-AAAABBBB0003}"
EndProject
Global
  GlobalSection(SolutionConfigurationPlatforms) = preSolution
    Debug|Any CPU = Debug|Any CPU
    Release|Any CPU = Release|Any CPU
  EndGlobalSection
  GlobalSection(ProjectConfigurationPlatforms) = postSolution
    {A1C3B5E7-1111-4D11-9A4F-AAAABBBB0001}.Debug|Any CPU.ActiveCfg = Debug|Any CPU
    {A1C3B5E7-1111-4D11-9A4F-AAAABBBB0001}.Debug|Any CPU.Build.0 = Debug|Any CPU
    {A1C3B5E7-1111-4D11-9A4F-AAAABBBB0001}.Release|Any CPU.ActiveCfg = Release|Any CPU
    {A1C3B5E7-1111-4D11-9A4F-AAAABBBB0001}.Release|Any CPU.Build.0 = Release|Any CPU
    {A1C3B5E7-2222-4D11-9A4F-AAAABBBB0002}.Debug|Any CPU.ActiveCfg = Debug|Any CPU
    {A1C3B5E7-2222-4D11-9A4F-AAAABBBB0002}.Debug|Any CPU.Build.0 = Debug|Any CPU
    {A1C3B5E7-2222-4D11-9A4F-AAAABBBB0002}.Release|Any CPU.ActiveCfg = Release|Any CPU
    {A1C3B5E7-2222-4D11-9A4F-AAAABBBB0002}.Release|Any CPU.Build.0 = Release|Any CPU
    {A1C3B5E7-3333-4D11-9A4F-AAAABBBB0003}.Debug|Any CPU.ActiveCfg = Debug|Any CPU
    {A1C3B5E7-3333-4D11-9A4F-AAAABBBB0003}.Debug|Any CPU.Build.0 = Debug|Any CPU
    {A1C3B5E7-3333-4D11-9A4F-AAAABBBB0003}.Release|Any CPU.ActiveCfg = Release|Any CPU
    {A1C3B5E7-3333-4D11-9A4F-AAAABBBB0003}.Release|Any CPU.Build.0 = Release|Any CPU
  EndGlobalSection
EndGlobal
